<Solution>
  <Project Path="ex001/ex001.csproj" />
  <Project Path="ex002/ex002.csproj" />
  <Project Path="ex003/ex003.csproj" />
  <Project Path="ex004/ex004.csproj" Id="a1b1a449-8e40-4d7f-8633-18ca0048330c" />
  <Project Path="ex005/ex005.csproj" Id="866bdbde-3df6-42c4-9291-a4e3ec704cc3" />
  <Project Path="ex006/ex006.csproj" Id="cc5b8389-a98d-4564-a43a-b51abbc94ddc" />
  <Project Path="ex007/ex007.csproj" Id="d31734e8-7678-4ff3-a2ed-575e502754c0" />
  <Project Path="ex008/ex008.csproj" Id="8a400bc8-9e2d-4159-b843-18822b6d5e83" />
  <Project Path="ex009/ex009.csproj" Id="cedfbb1b-226a-4627-a63c-a1dc61c8fb53" />
  <Project Path="ex010/ex010.csproj" />
  <Project Path="ex011/ex011.csproj" Id="8fa60748-85a5-4607-8393-89a327db8c39" />
  <Project Path="ex012/ex012.csproj" Id="f75925ac-a184-4620-ad22-1955a390e357" />
  <Project Path="ex013/ex013.csproj" Id="e1253065-7d95-4cf4-8d04-96bc30b1995a" />
  <Project Path="ex014/ex014.csproj" Id="978a20c1-647e-4d7d-87b8-082eecd28fe8" />
  <Project Path="ex015/ex015.csproj" Id="120522b5-f35d-4343-9ddd-3ed74bee718d" />
  <Project Path="ex016/ex016.csproj" Id="84c3a2de-a743-4b7d-8550-8d5140429f79" />
  <Project Path="ex017/ex017.csproj" Id="1fdc5e8d-e9b1-4b0e-a78a-6b51c9aa241f" />
  <Project Path="ex018/ex018.csproj" Id="2ccb9f70-cc76-46af-9b47-59ec6e21ecff" />
  <Project Path="ex019/ex019.csproj" />
  <Project Path="ex020/ex020.csproj" Id="18a580ad-5945-4499-8b96-660e914d876c" />
  <Project Path="ex021/ex021.csproj" Id="9ee3fde9-9d5d-4886-9572-0963e240caf4" />
  <Project Path="ex022/ex022.csproj" Id="7890d5e9-7db6-40b7-b64f-8cb618bec882" />
  <Project Path="ex023/ex023.csproj" Id="aa748f58-951f-4b84-b206-66c971cadfe4" />
  <Project Path="ex024/ex024.csproj" Id="bc12b4b5-5d5e-4924-8135-845867faa286" />
  <Project Path="ex025/ex025.csproj" Id="ce7cd9f8-fc44-4b97-87a7-5c28c4451290" />
  <Project Path="ex026/ex026.csproj" Id="7b6e96d3-e167-4374-86ae-5cc40804bdd6" />
  <Project Path="ex027/ex027.csproj" Id="5b5919c6-8f0e-4075-be6a-77f605950c06" />
  <Project Path="ex028/ex028.csproj" Id="f03b4aa0-10d9-481f-a5d2-43ceb336031d" />
  <Project Path="ex029/ex029.csproj" Id="3678778c-7167-49aa-94c5-09ea9cb06b2c" />
  <Project Path="ex030/ex030.csproj" Id="672e7e6b-8043-4e0d-80aa-98bfc37e1799" />
  <Project Path="ex031/ex031.csproj" Id="0b31ec3c-f4e9-4799-8c24-904215598cf3" />
</Solution>
